github.com/inconshreveable/mousetrap v1.0.0 h1:Z8tu5sraLXCXIcARxBp/8cbvlwVa7Z1NHg9XEKhtSvM=
github.com/inconshreveable/mousetrap v1.0.0/go.mod h1:PxqpIevigyE2G7u3NXJIT2ANytuPF1OarO4DADm73n8=
github.com/mitchellh/go-homedir v0.0.0-20180523094522-3864e76763d9 h1:Y94YB7jrsihrbGSqRNMwRWJ2/dCxr0hdC2oPRohkx0A=
github.com/mitchellh/go-homedir v0.0.0-20180523094522-3864e76763d9/go.mod h1:SfyaCUpYCn1Vlf4IUYiD9fPX4A5wJrkLzIz1N1q0pr0=
github.com/spf13/cobra v0.0.4-0.20180629152535-a114f312e075 h1:bfSj+hHTrZKbMJHEldrx659CxsvTHbAznKTfb42l2M4=
github.com/spf13/cobra v0.0.4-0.20180629152535-a114f312e075/go.mod h1:1l0Ry5zgKvJasoi3XT1TypsSe7PqH0Sj9dhYf7v3XqQ=
github.com/spf13/pflag v1.0.2-0.20180601132542-3ebe029320b2 h1:rRoG2y6zH4BPYZ263vT6Az4yugNDA0/BD4zApi0LgMA=
github.com/spf13/pflag v1.0.2-0.20180601132542-3ebe029320b2/go.mod h1:DYY7MBk1bdzusC3SYhjObp+wFpr4gzcvqqNjLnInEg4=
github.com/zquestz/go-ucl v0.0.0-20160305052752-ec59c7af0062 h1:CXSPWiePokYH3aOXZXUaNIXyGDXdca35U9WZC1iOLHs=
github.com/zquestz/go-ucl v0.0.0-20160305052752-ec59c7af0062/go.mod h1:M54hiL2fkAYVcY+k9MgIhTeEHwCfzFK6jRN8aBuPug4=
golang.org/x/crypto v0.0.0-20180621125126-a49355c7e3f8 h1:h7zdf0RiEvWbYBKIx4b+q41xoUVnMmvsGZnIVE5syG8=
golang.org/x/crypto v0.0.0-20180621125126-a49355c7e3f8/go.mod h1:6SG95UA2DQfeDnfUPMdvaQW0Q7yPrPDi9nlGo2tz2b4=
golang.org/x/net v0.0.0-20180710231904-039a4258aec0 h1:x0HPNUOUA+1KT+gHm0tgwhbPnFgaFsZqbu3/Q/6vQNI=
golang.org/x/net v0.0.0-20180710231904-039a4258aec0/go.mod h1:mL1N/T3taQHkDXs73rZJwtUhF3w3ftmwwsq0BUmARs4=
